github.com/barnex/fmath v0.0.0-20150108074215-ec9671f295c2 h1:FOAZHSIFEhocAOfB7LQcZmCEAra7hneHMBPL8Nq/eDk=
github.com/barnex/fmath v0.0.0-20150108074215-ec9671f295c2/go.mod h1:G7XW+2O6Hk/x6OP8AuwZjI8ZTyXvKDTTKaRK92gapfk=
github.com/flywave/go-corto v0.0.0-20210602063838-a9180e40d0a4 h1:NhOYU9Mx7xDQYG7pJ9ISWmIgFktsNxZVsE+7lcbieI8=
github.com/flywave/go-corto v0.0.0-20210602063838-a9180e40d0a4/go.mod h1:SNuGsgE2y7gA1oHFZmynMXP22HHrUezCDApwn2PgjNk=
github.com/flywave/go-draco v0.0.0-20210602090844-a227b215bf02 h1:k8oqhgpHjEyqM/iXT3gBKV+GrtTkOVRzEoDxI43QtCg=
github.com/flywave/go-draco v0.0.0-20210602090844-a227b215bf02/go.mod h1:iRjaG/ra0sI8BYwgyexEF3/LgpIcXImUh5l/ykCieLA=
github.com/flywave/go3d v0.0.0-20210529142521-14eb5aca1290 h1:d/Quyfh7G/2QqZzsNsZTbgA5c5hUwngwVoGTmj/43BU=
github.com/flywave/go3d v0.0.0-20210529142521-14eb5aca1290/go.mod h1:QbQZlarSgCPYFAmoTduiDUd4JCnolimXUswTAnSrFWY=
