github.com/barnex/fmath v0.0.0-20150108074215-ec9671f295c2 h1:FOAZHSIFEhocAOfB7LQcZmCEAra7hneHMBPL8Nq/eDk=
github.com/barnex/fmath v0.0.0-20150108074215-ec9671f295c2/go.mod h1:G7XW+2O6Hk/x6OP8AuwZjI8ZTyXvKDTTKaRK92gapfk=
github.com/flywave/go-corto v0.0.0-20210531055729-ab297e5a14ca h1:+RfwQ3+PU+/tIwKwun3aiotELL5wi8s9yS7kDx2FCn4=
github.com/flywave/go-corto v0.0.0-20210531055729-ab297e5a14ca/go.mod h1:SNuGsgE2y7gA1oHFZmynMXP22HHrUezCDApwn2PgjNk=
github.com/flywave/go-corto v0.0.0-20210531064335-8ef56dac8ee8 h1:nUqgV0ocDpvVq2CnKAxcDXyJmjRNu14V24BsAWit7qQ=
github.com/flywave/go-corto v0.0.0-20210531064335-8ef56dac8ee8/go.mod h1:SNuGsgE2y7gA1oHFZmynMXP22HHrUezCDApwn2PgjNk=
github.com/flywave/go-corto v0.0.0-20210531073233-751bd673f0d7 h1:YGlxjyfE/zko1c1gTNJ6s/yTESy8yEAU8vKwTs6ejy0=
github.com/flywave/go-corto v0.0.0-20210531073233-751bd673f0d7/go.mod h1:SNuGsgE2y7gA1oHFZmynMXP22HHrUezCDApwn2PgjNk=
github.com/flywave/go-draco v0.0.0-20210531075004-944b2c6043db h1:gfh5V4vMdIULckt56EIyBLHk7ZgDBYwEyS7k9b1ju3c=
github.com/flywave/go-draco v0.0.0-20210531075004-944b2c6043db/go.mod h1:ouJ+A0y26I2NUYZNk701xmf1f+0SMOhdyfdmcWQD0sY=
github.com/flywave/go-draco v0.0.0-20210531140347-d2e416d10265 h1:/jMtFJ4LYdndWJd/llL2lVj0xC21cwJclCX3XQjoiK8=
github.com/flywave/go-draco v0.0.0-20210531140347-d2e416d10265/go.mod h1:iRjaG/ra0sI8BYwgyexEF3/LgpIcXImUh5l/ykCieLA=
github.com/flywave/go3d v0.0.0-20210521003526-9185b600148d h1:Ll7Zg7ScZjQm5RhjS5461wCPx9IV5Np4uUFUFL5eHtg=
github.com/flywave/go3d v0.0.0-20210521003526-9185b600148d/go.mod h1:QbQZlarSgCPYFAmoTduiDUd4JCnolimXUswTAnSrFWY=
github.com/flywave/go3d v0.0.0-20210529142521-14eb5aca1290 h1:d/Quyfh7G/2QqZzsNsZTbgA5c5hUwngwVoGTmj/43BU=
github.com/flywave/go3d v0.0.0-20210529142521-14eb5aca1290/go.mod h1:QbQZlarSgCPYFAmoTduiDUd4JCnolimXUswTAnSrFWY=
